
Microsoft Visual Studio Solution File, Format Version 12.00
# Visual Studio Version 17
VisualStudioVersion = 17.11.35222.181
MinimumVisualStudioVersion = 10.0.40219.1
Project("{FAE04EC0-301F-11D3-BF4B-00C04F79EFBC}") = "PasswordCheck", "PasswordCheck\PasswordCheck.csproj", "{D461F70A-D790-45D9-8144-D3DD509DD546}"
EndProject
Project("{FAE04EC0-301F-11D3-BF4B-00C04F79EFBC}") = "PasswordCheck.Tests", "PasswordCheck.Tests\PasswordCheck.Tests.csproj", "{3D36AECE-248F-40CF-870A-512575607FE6}"
EndProject
Global
	GlobalSection(SolutionConfigurationPlatforms) = preSolution
		Debug|Any CPU = Debug|Any CPU
		Release|Any CPU = Release|Any CPU
	EndGlobalSection
	GlobalSection(ProjectConfigurationPlatforms) = postSolution
		{D461F70A-D790-45D9-8144-D3DD509DD546}.Debug|Any CPU.ActiveCfg = Debug|Any CPU
		{D461F70A-D790-45D9-8144-D3DD509DD546}.Debug|Any CPU.Build.0 = Debug|Any CPU
		{D461F70A-D790-45D9-8144-D3DD509DD546}.Release|Any CPU.ActiveCfg = Release|Any CPU
		{D461F70A-D790-45D9-8144-D3DD509DD546}.Release|Any CPU.Build.0 = Release|Any CPU
		{3D36AECE-248F-40CF-870A-512575607FE6}.Debug|Any CPU.ActiveCfg = Debug|Any CPU
		{3D36AECE-248F-40CF-870A-512575607FE6}.Debug|Any CPU.Build.0 = Debug|Any CPU
		{3D36AECE-248F-40CF-870A-512575607FE6}.Release|Any CPU.ActiveCfg = Release|Any CPU
		{3D36AECE-248F-40CF-870A-512575607FE6}.Release|Any CPU.Build.0 = Release|Any CPU
	EndGlobalSection
	GlobalSection(SolutionProperties) = preSolution
		HideSolutionNode = FALSE
	EndGlobalSection
	GlobalSection(ExtensibilityGlobals) = postSolution
		SolutionGuid = {D05CA465-5080-44F6-99D2-D073C781CE41}
	EndGlobalSection
EndGlobal
